
Microsoft Visual Studio Solution File, Format Version 12.00
# Visual Studio 15
VisualStudioVersion = 15.0.27428.2015
MinimumVisualStudioVersion = 10.0.40219.1
Project("{9A19103F-16F7-4668-BE54-9A1E7A4F7556}") = "Prode.API", "Prode.API\Prode.API.csproj", "{13512E42-3CC5-406F-9906-2EF8BEF3EAD8}"
EndProject
Global
	GlobalSection(SolutionConfigurationPlatforms) = preSolution
		Debug|Any CPU = Debug|Any CPU
		Release|Any CPU = Release|Any CPU
	EndGlobalSection
	GlobalSection(ProjectConfigurationPlatforms) = postSolution
		{13512E42-3CC5-406F-9906-2EF8BEF3EAD8}.Debug|Any CPU.ActiveCfg = Debug|Any CPU
		{13512E42-3CC5-406F-9906-2EF8BEF3EAD8}.Debug|Any CPU.Build.0 = Debug|Any CPU
		{13512E42-3CC5-406F-9906-2EF8BEF3EAD8}.Release|Any CPU.ActiveCfg = Release|Any CPU
		{13512E42-3CC5-406F-9906-2EF8BEF3EAD8}.Release|Any CPU.Build.0 = Release|Any CPU
	EndGlobalSection
	GlobalSection(SolutionProperties) = preSolution
		HideSolutionNode = FALSE
	EndGlobalSection
	GlobalSection(ExtensibilityGlobals) = postSolution
		SolutionGuid = {606F1C92-3A51-4625-B117-CE4F431268BF}
	EndGlobalSection
EndGlobal
